{
  "lockfile_version": "1",
  "packages": {
    "github:NixOS/nixpkgs/nixpkgs-unstable": {
      "resolved": "github:NixOS/nixpkgs/7344a3b78128f7b1765dba89060b015fb75431a7?lastModified=1742456341&narHash=sha256-yvdnTnROddjHxoQqrakUQWDZSzVchczfsuuMOxg476c%3D"
    },
    "nodejs@22": {
      "last_modified": "2025-02-23T09:42:26Z",
      "plugin_version": "0.0.2",
      "resolved": "github:NixOS/nixpkgs/2d068ae5c6516b2d04562de50a58c682540de9bf#nodejs_22",
      "source": "devbox-search",
      "version": "22.14.0",
      "systems": {
        "aarch64-darwin": {
          "outputs": [
            {
              "name": "out",
              "path": "/nix/store/91y8h7rysgi5cl8hsj2bmjd00dq2l9pk-nodejs-22.14.0",
              "default": true
            },
            {
              "name": "libv8",
              "path": "/nix/store/slffbl0q14qc93dslaynyzh005rd869s-nodejs-22.14.0-libv8"
            }
          ],
          "store_path": "/nix/store/91y8h7rysgi5cl8hsj2bmjd00dq2l9pk-nodejs-22.14.0"
        },
        "aarch64-linux": {
          "outputs": [
            {
              "name": "out",
              "path": "/nix/store/ji8zs96759g59b4q6kz94pbfq6gvlazx-nodejs-22.14.0",
              "default": true
            },
            {
              "name": "libv8",
              "path": "/nix/store/zb1ly8w6vdw2pjxwkbm3vymyfxyy7af8-nodejs-22.14.0-libv8"
            }
          ],
          "store_path": "/nix/store/ji8zs96759g59b4q6kz94pbfq6gvlazx-nodejs-22.14.0"
        },
        "x86_64-darwin": {
          "outputs": [
            {
              "name": "out",
              "path": "/nix/store/067kj1aav6z9jhqbkyapjwjjrgl38ihs-nodejs-22.14.0",
              "default": true
            },
            {
              "name": "libv8",
              "path": "/nix/store/24z3qqnvs154idkbbbpjd55m11clidad-nodejs-22.14.0-libv8"
            }
          ],
          "store_path": "/nix/store/067kj1aav6z9jhqbkyapjwjjrgl38ihs-nodejs-22.14.0"
        },
        "x86_64-linux": {
          "outputs": [
            {
              "name": "out",
              "path": "/nix/store/87hsv7pc321h80j7223209nxc8vmabqb-nodejs-22.14.0",
              "default": true
            },
            {
              "name": "libv8",
              "path": "/nix/store/hs3x57x6gw75sgwa081d3ir63rz7phmb-nodejs-22.14.0-libv8"
            }
          ],
          "store_path": "/nix/store/87hsv7pc321h80j7223209nxc8vmabqb-nodejs-22.14.0"
        }
      }
    }
  }
}
