lockfileVersion: '9.0'

settings:
  autoInstallPeers: true
  excludeLinksFromLockfile: false

importers:

  .:
    dependencies:
      dbmate:
        specifier: ^2.26.0
        version: 2.26.0

packages:

  '@dbmate/darwin-arm64@2.26.0':
    resolution: {integrity: sha512-gcFzfK3woPs5cRqE7WhLIAppaXXPJeXtXDZsG7Dx9KjKmQrT1b+dzD3CgLTMynRCki6c2sXMlj0dw+GpOeiU7w==}
    cpu: [arm64]
    os: [darwin]

  '@dbmate/darwin-x64@2.26.0':
    resolution: {integrity: sha512-sDvpo/lmmdpHk72hfrxeNxofVA0VkjzT6iAl1Va9XlsysXryHkfy2kOMKrNTaklGiY1FuiAAaEWHblQbnSIm+A==}
    cpu: [x64]
    os: [darwin]

  '@dbmate/linux-arm64@2.26.0':
    resolution: {integrity: sha512-ug8YWgGaxKW6IGHTI+CRJREVOZSd+dK16O6mLCKLeJ7NGXlajtyjTPEZOrUdJdX95/erYbIN5T2V/jKjVtH1SA==}
    cpu: [arm64]
    os: [linux]

  '@dbmate/linux-arm@2.26.0':
    resolution: {integrity: sha512-XomBeCo8A+hByyAuUa7sjA2e6kenFGODi3rEgNfm8Kr/pkjykRK/59djAiuJNVQRT6y/i9wy4/ZqPzWVmaEolQ==}
    cpu: [arm]
    os: [linux]

  '@dbmate/linux-ia32@2.26.0':
    resolution: {integrity: sha512-er87GxCyiJAfwBTDaQBkVg3cnwbBiU3tpbx9bME9W+4AxAqiMfSEAnL2P6kN0zHd2BG6VpYkFEnKe66/SlGZrQ==}
    cpu: [ia32]
    os: [linux]

  '@dbmate/linux-x64@2.26.0':
    resolution: {integrity: sha512-VSjWBdu7zEJ8LN8yXGAexyfmdPqVsdL7AkS7MAXhOE0zHZfXZcF+H2Wlwxoas1wg1p9tx7KxjljqJzqQlEE7Fw==}
    cpu: [x64]
    os: [linux]

  '@dbmate/win32-x64@2.26.0':
    resolution: {integrity: sha512-fMu2nimNX487f1jzES/YjWYZByKJ1vgnLDkDsn8vi1JJahPrVlU8axQ4OY7bUj9uT1hXnWwKsV/YyE+V1IMPvw==}
    cpu: [x64]
    os: [win32]

  dbmate@2.26.0:
    resolution: {integrity: sha512-PZwU/dDm3s3bMN0Ra1SSF3i0sKUy9Ms9QnokrUZHYoKvaJyLFw2XnlTl21ivLJLbOZ/rUPzbpPddGJMzmPNt1Q==}
    hasBin: true

snapshots:

  '@dbmate/darwin-arm64@2.26.0':
    optional: true

  '@dbmate/darwin-x64@2.26.0':
    optional: true

  '@dbmate/linux-arm64@2.26.0':
    optional: true

  '@dbmate/linux-arm@2.26.0':
    optional: true

  '@dbmate/linux-ia32@2.26.0':
    optional: true

  '@dbmate/linux-x64@2.26.0':
    optional: true

  '@dbmate/win32-x64@2.26.0':
    optional: true

  dbmate@2.26.0:
    optionalDependencies:
      '@dbmate/darwin-arm64': 2.26.0
      '@dbmate/darwin-x64': 2.26.0
      '@dbmate/linux-arm': 2.26.0
      '@dbmate/linux-arm64': 2.26.0
      '@dbmate/linux-ia32': 2.26.0
      '@dbmate/linux-x64': 2.26.0
      '@dbmate/win32-x64': 2.26.0
